
Microsoft Visual Studio Solution File, Format Version 12.00
# Visual Studio 14
VisualStudioVersion = 14.0.23107.0
MinimumVisualStudioVersion = 10.0.40219.1
Project("{2150E333-8FDC-42A3-9474-1A3956D46DE8}") = "1-Client", "1-Client", "{690D6ED3-9C12-48B3-BCE9-C73D71FE9755}"
EndProject
Project("{2150E333-8FDC-42A3-9474-1A3956D46DE8}") = "2-Server", "2-Server", "{F0D2FDCF-DCD6-44D6-96D5-F967ADFE6387}"
EndProject
Project("{2150E333-8FDC-42A3-9474-1A3956D46DE8}") = "3-Shared", "3-Shared", "{66F360D6-3F40-40A5-BF24-A9548EDDFEBF}"
EndProject
Project("{2150E333-8FDC-42A3-9474-1A3956D46DE8}") = "4-Messages", "4-Messages", "{A050A76D-5984-4AE3-BB63-2E33ED8AEF5A}"
EndProject
Project("{2150E333-8FDC-42A3-9474-1A3956D46DE8}") = "2.1-WaterSupply", "2.1-WaterSupply", "{516DC7EE-3CE8-4D06-BD32-859374412D2C}"
EndProject
Global
	GlobalSection(SolutionProperties) = preSolution
		HideSolutionNode = FALSE
	EndGlobalSection
	GlobalSection(NestedProjects) = preSolution
		{516DC7EE-3CE8-4D06-BD32-859374412D2C} = {F0D2FDCF-DCD6-44D6-96D5-F967ADFE6387}
	EndGlobalSection
	GlobalSection(TeamFoundationVersionControl) = preSolution
		SccNumberOfProjects = 1
		SccEnterpriseProvider = {4CA58AB2-18FA-4F8D-95D4-32DDF27D184C}
		SccTeamFoundationServer = https://tfs.codeplex.com/tfs/tfs20
		SccLocalPath0 = .
	EndGlobalSection
EndGlobal
