
Microsoft Visual Studio Solution File, Format Version 12.00
# Visual Studio 14
VisualStudioVersion = 14.0.23107.0
MinimumVisualStudioVersion = 10.0.40219.1
Project("{FAE04EC0-301F-11D3-BF4B-00C04F79EFBC}") = "CityServerPF.Web", "SourceCode\CityServerPF.Web\CityServerPF.Web.csproj", "{98BEC83E-8D65-4B52-9BA0-DBFECBE4B2E4}"
EndProject
Project("{2150E333-8FDC-42A3-9474-1A3956D46DE8}") = "1-Client", "1-Client", "{690D6ED3-9C12-48B3-BCE9-C73D71FE9755}"
EndProject
Project("{2150E333-8FDC-42A3-9474-1A3956D46DE8}") = "2-Server", "2-Server", "{F0D2FDCF-DCD6-44D6-96D5-F967ADFE6387}"
EndProject
Project("{2150E333-8FDC-42A3-9474-1A3956D46DE8}") = "3-Shared", "3-Shared", "{66F360D6-3F40-40A5-BF24-A9548EDDFEBF}"
EndProject
Project("{2150E333-8FDC-42A3-9474-1A3956D46DE8}") = "4-Messages", "4-Messages", "{A050A76D-5984-4AE3-BB63-2E33ED8AEF5A}"
EndProject
Project("{2150E333-8FDC-42A3-9474-1A3956D46DE8}") = "2.1-WaterSupply", "2.1-WaterSupply", "{516DC7EE-3CE8-4D06-BD32-859374412D2C}"
EndProject
Project("{8BB2217D-0F2D-49D1-97BC-3654ED321F3B}") = "CityServerPF.Server.WaterSupply", "SourceCode\CityServerPF.Server.WaterSupply\CityServerPF.Server.WaterSupply.xproj", "{83F7CAEE-C189-403B-BB52-4857F0B38422}"
EndProject
Global
	GlobalSection(SolutionConfigurationPlatforms) = preSolution
		Debug|Any CPU = Debug|Any CPU
		Release|Any CPU = Release|Any CPU
	EndGlobalSection
	GlobalSection(ProjectConfigurationPlatforms) = postSolution
		{98BEC83E-8D65-4B52-9BA0-DBFECBE4B2E4}.Debug|Any CPU.ActiveCfg = Debug|Any CPU
		{98BEC83E-8D65-4B52-9BA0-DBFECBE4B2E4}.Debug|Any CPU.Build.0 = Debug|Any CPU
		{98BEC83E-8D65-4B52-9BA0-DBFECBE4B2E4}.Release|Any CPU.ActiveCfg = Release|Any CPU
		{98BEC83E-8D65-4B52-9BA0-DBFECBE4B2E4}.Release|Any CPU.Build.0 = Release|Any CPU
		{83F7CAEE-C189-403B-BB52-4857F0B38422}.Debug|Any CPU.ActiveCfg = Debug|Any CPU
		{83F7CAEE-C189-403B-BB52-4857F0B38422}.Debug|Any CPU.Build.0 = Debug|Any CPU
		{83F7CAEE-C189-403B-BB52-4857F0B38422}.Release|Any CPU.ActiveCfg = Release|Any CPU
		{83F7CAEE-C189-403B-BB52-4857F0B38422}.Release|Any CPU.Build.0 = Release|Any CPU
	EndGlobalSection
	GlobalSection(SolutionProperties) = preSolution
		HideSolutionNode = FALSE
	EndGlobalSection
	GlobalSection(NestedProjects) = preSolution
		{98BEC83E-8D65-4B52-9BA0-DBFECBE4B2E4} = {690D6ED3-9C12-48B3-BCE9-C73D71FE9755}
		{516DC7EE-3CE8-4D06-BD32-859374412D2C} = {F0D2FDCF-DCD6-44D6-96D5-F967ADFE6387}
		{83F7CAEE-C189-403B-BB52-4857F0B38422} = {516DC7EE-3CE8-4D06-BD32-859374412D2C}
	EndGlobalSection
	GlobalSection(TeamFoundationVersionControl) = preSolution
		SccNumberOfProjects = 3
		SccEnterpriseProvider = {4CA58AB2-18FA-4F8D-95D4-32DDF27D184C}
		SccTeamFoundationServer = https://tfs.codeplex.com/tfs/tfs20
		SccLocalPath0 = .
		SccProjectUniqueName1 = SourceCode\\CityServerPF.Web\\CityServerPF.Web.csproj
		SccProjectTopLevelParentUniqueName1 = CityServerPF.sln
		SccProjectName1 = SourceCode/CityServerPF.Web
		SccLocalPath1 = SourceCode\\CityServerPF.Web
		SccProjectUniqueName2 = SourceCode\\CityServerPF.Server.WaterSupply\\CityServerPF.Server.WaterSupply.xproj
		SccProjectTopLevelParentUniqueName2 = CityServerPF.sln
		SccProjectName2 = SourceCode/CityServerPF.Server.WaterSupply
		SccLocalPath2 = SourceCode\\CityServerPF.Server.WaterSupply
	EndGlobalSection
EndGlobal
