
Microsoft Visual Studio Solution File, Format Version 12.00
# Visual Studio 2012
Project("{FAE04EC0-301F-11D3-BF4B-00C04F79EFBC}") = "WineWeb", "WineWeb\WineWeb.csproj", "{A43E8017-7D52-4090-AEA6-3C5969191A2A}"
EndProject
Project("{FAE04EC0-301F-11D3-BF4B-00C04F79EFBC}") = "Wine.Weixin", "Weixin\Wine.Weixin.csproj", "{66CAF6CC-8F19-4971-BF91-7D8E182E1491}"
EndProject
Project("{FAE04EC0-301F-11D3-BF4B-00C04F79EFBC}") = "WineWap", "WineWap\WineWap.csproj", "{FE338E52-F434-4555-8583-80EB255825C0}"
EndProject
Project("{FAE04EC0-301F-11D3-BF4B-00C04F79EFBC}") = "Wine.Infrastructure", "Wine.Infrastructure\Wine.Infrastructure.csproj", "{9F9D0413-26E1-4F65-A4C1-CE31A07D0E75}"
EndProject
Project("{FAE04EC0-301F-11D3-BF4B-00C04F79EFBC}") = "Wine.WindowsService", "Wine.WindowsService\Wine.WindowsService.csproj", "{421F4920-0FBF-415D-B067-277B81A7693E}"
EndProject
Project("{FAE04EC0-301F-11D3-BF4B-00C04F79EFBC}") = "Wine.WebFacade", "Wine.WebFacade\Wine.WebFacade.csproj", "{827FB944-B5F9-4027-9C83-8F69BC6C2A64}"
EndProject
Project("{FAE04EC0-301F-11D3-BF4B-00C04F79EFBC}") = "Wine", "Wine\Wine.csproj", "{6F9D3D29-469C-468B-8920-681EA791FF73}"
EndProject
Project("{FAE04EC0-301F-11D3-BF4B-00C04F79EFBC}") = "Wine.WebServices", "Wine.WebServices\Wine.WebServices.csproj", "{08E32BBD-B81C-496C-92DF-C2BB6D7A3B3C}"
EndProject
Project("{FAE04EC0-301F-11D3-BF4B-00C04F79EFBC}") = "Wine.WineData", "Wine.WineData\Wine.WineData.csproj", "{B6446C77-D78D-46C5-827C-C1A20C7D07C4}"
EndProject
Project("{FAE04EC0-301F-11D3-BF4B-00C04F79EFBC}") = "WineUnitTestProject", "WineUnitTestProject\WineUnitTestProject.csproj", "{9C04DC73-1E2F-4588-8ED5-8FEB7962FB8C}"
EndProject
Global
	GlobalSection(TeamFoundationVersionControl) = preSolution
		SccNumberOfProjects = 11
		SccEnterpriseProvider = {4CA58AB2-18FA-4F8D-95D4-32DDF27D184C}
		SccTeamFoundationServer = https://tfs.codeplex.com/tfs/tfs20
		SccLocalPath0 = .
		SccProjectUniqueName1 = WineWap\\WineWap.csproj
		SccProjectName1 = WineWap
		SccLocalPath1 = WineWap
		SccProjectUniqueName2 = WineWeb\\WineWeb.csproj
		SccProjectName2 = WineWeb
		SccLocalPath2 = WineWeb
		SccProjectUniqueName3 = Weixin\\Wine.Weixin.csproj
		SccProjectName3 = Weixin
		SccLocalPath3 = Weixin
		SccProjectUniqueName4 = Wine.Infrastructure\\Wine.Infrastructure.csproj
		SccProjectName4 = Wine.Infrastructure
		SccLocalPath4 = Wine.Infrastructure
		SccProjectUniqueName5 = Wine.WindowsService\\Wine.WindowsService.csproj
		SccProjectName5 = Wine.WindowsService
		SccLocalPath5 = Wine.WindowsService
		SccProjectUniqueName6 = Wine\\Wine.csproj
		SccProjectName6 = Wine
		SccLocalPath6 = Wine
		SccProjectUniqueName7 = Wine.WebServices\\Wine.WebServices.csproj
		SccProjectName7 = Wine.WebServices
		SccLocalPath7 = Wine.WebServices
		SccProjectUniqueName8 = Wine.WineData\\Wine.WineData.csproj
		SccProjectName8 = Wine.WineData
		SccLocalPath8 = Wine.WineData
		SccProjectUniqueName9 = Wine.WebFacade\\Wine.WebFacade.csproj
		SccProjectName9 = Wine.WebFacade
		SccLocalPath9 = Wine.WebFacade
		SccProjectUniqueName10 = WineUnitTestProject\\WineUnitTestProject.csproj
		SccProjectName10 = WineUnitTestProject
		SccLocalPath10 = WineUnitTestProject
	EndGlobalSection
	GlobalSection(SolutionConfigurationPlatforms) = preSolution
		Debug|Any CPU = Debug|Any CPU
		Release|Any CPU = Release|Any CPU
	EndGlobalSection
	GlobalSection(ProjectConfigurationPlatforms) = postSolution
		{A43E8017-7D52-4090-AEA6-3C5969191A2A}.Debug|Any CPU.ActiveCfg = Debug|Any CPU
		{A43E8017-7D52-4090-AEA6-3C5969191A2A}.Debug|Any CPU.Build.0 = Debug|Any CPU
		{A43E8017-7D52-4090-AEA6-3C5969191A2A}.Release|Any CPU.ActiveCfg = Release|Any CPU
		{A43E8017-7D52-4090-AEA6-3C5969191A2A}.Release|Any CPU.Build.0 = Release|Any CPU
		{66CAF6CC-8F19-4971-BF91-7D8E182E1491}.Debug|Any CPU.ActiveCfg = Debug|Any CPU
		{66CAF6CC-8F19-4971-BF91-7D8E182E1491}.Debug|Any CPU.Build.0 = Debug|Any CPU
		{66CAF6CC-8F19-4971-BF91-7D8E182E1491}.Release|Any CPU.ActiveCfg = Release|Any CPU
		{66CAF6CC-8F19-4971-BF91-7D8E182E1491}.Release|Any CPU.Build.0 = Release|Any CPU
		{FE338E52-F434-4555-8583-80EB255825C0}.Debug|Any CPU.ActiveCfg = Debug|Any CPU
		{FE338E52-F434-4555-8583-80EB255825C0}.Debug|Any CPU.Build.0 = Debug|Any CPU
		{FE338E52-F434-4555-8583-80EB255825C0}.Release|Any CPU.ActiveCfg = Release|Any CPU
		{FE338E52-F434-4555-8583-80EB255825C0}.Release|Any CPU.Build.0 = Release|Any CPU
		{9F9D0413-26E1-4F65-A4C1-CE31A07D0E75}.Debug|Any CPU.ActiveCfg = Debug|Any CPU
		{9F9D0413-26E1-4F65-A4C1-CE31A07D0E75}.Debug|Any CPU.Build.0 = Debug|Any CPU
		{9F9D0413-26E1-4F65-A4C1-CE31A07D0E75}.Release|Any CPU.ActiveCfg = Release|Any CPU
		{9F9D0413-26E1-4F65-A4C1-CE31A07D0E75}.Release|Any CPU.Build.0 = Release|Any CPU
		{421F4920-0FBF-415D-B067-277B81A7693E}.Debug|Any CPU.ActiveCfg = Debug|Any CPU
		{421F4920-0FBF-415D-B067-277B81A7693E}.Debug|Any CPU.Build.0 = Debug|Any CPU
		{421F4920-0FBF-415D-B067-277B81A7693E}.Release|Any CPU.ActiveCfg = Release|Any CPU
		{421F4920-0FBF-415D-B067-277B81A7693E}.Release|Any CPU.Build.0 = Release|Any CPU
		{827FB944-B5F9-4027-9C83-8F69BC6C2A64}.Debug|Any CPU.ActiveCfg = Debug|Any CPU
		{827FB944-B5F9-4027-9C83-8F69BC6C2A64}.Debug|Any CPU.Build.0 = Debug|Any CPU
		{827FB944-B5F9-4027-9C83-8F69BC6C2A64}.Release|Any CPU.ActiveCfg = Release|Any CPU
		{827FB944-B5F9-4027-9C83-8F69BC6C2A64}.Release|Any CPU.Build.0 = Release|Any CPU
		{6F9D3D29-469C-468B-8920-681EA791FF73}.Debug|Any CPU.ActiveCfg = Debug|Any CPU
		{6F9D3D29-469C-468B-8920-681EA791FF73}.Debug|Any CPU.Build.0 = Debug|Any CPU
		{6F9D3D29-469C-468B-8920-681EA791FF73}.Release|Any CPU.ActiveCfg = Release|Any CPU
		{6F9D3D29-469C-468B-8920-681EA791FF73}.Release|Any CPU.Build.0 = Release|Any CPU
		{08E32BBD-B81C-496C-92DF-C2BB6D7A3B3C}.Debug|Any CPU.ActiveCfg = Debug|Any CPU
		{08E32BBD-B81C-496C-92DF-C2BB6D7A3B3C}.Debug|Any CPU.Build.0 = Debug|Any CPU
		{08E32BBD-B81C-496C-92DF-C2BB6D7A3B3C}.Release|Any CPU.ActiveCfg = Release|Any CPU
		{08E32BBD-B81C-496C-92DF-C2BB6D7A3B3C}.Release|Any CPU.Build.0 = Release|Any CPU
		{B6446C77-D78D-46C5-827C-C1A20C7D07C4}.Debug|Any CPU.ActiveCfg = Debug|Any CPU
		{B6446C77-D78D-46C5-827C-C1A20C7D07C4}.Debug|Any CPU.Build.0 = Debug|Any CPU
		{B6446C77-D78D-46C5-827C-C1A20C7D07C4}.Release|Any CPU.ActiveCfg = Release|Any CPU
		{B6446C77-D78D-46C5-827C-C1A20C7D07C4}.Release|Any CPU.Build.0 = Release|Any CPU
		{9C04DC73-1E2F-4588-8ED5-8FEB7962FB8C}.Debug|Any CPU.ActiveCfg = Debug|Any CPU
		{9C04DC73-1E2F-4588-8ED5-8FEB7962FB8C}.Debug|Any CPU.Build.0 = Debug|Any CPU
		{9C04DC73-1E2F-4588-8ED5-8FEB7962FB8C}.Release|Any CPU.ActiveCfg = Release|Any CPU
		{9C04DC73-1E2F-4588-8ED5-8FEB7962FB8C}.Release|Any CPU.Build.0 = Release|Any CPU
	EndGlobalSection
	GlobalSection(SolutionProperties) = preSolution
		HideSolutionNode = FALSE
	EndGlobalSection
EndGlobal
